
Microsoft Visual Studio Solution File, Format Version 12.00
# Visual Studio 14
VisualStudioVersion = 14.0.24720.0
MinimumVisualStudioVersion = 10.0.40219.1
Project("{2150E333-8FDC-42A3-9474-1A3956D46DE8}") = "test", "test", "{29B584F6-076B-4BAB-99B0-A7A28FB82B34}"
EndProject
Project("{2150E333-8FDC-42A3-9474-1A3956D46DE8}") = "src", "src", "{B16104F5-F49C-425C-B3AE-BC8D5EC8A3C7}"
EndProject
Project("{FAE04EC0-301F-11D3-BF4B-00C04F79EFBC}") = "Slant.Entity", "src\Slant.Entity\Slant.Entity.csproj", "{C4851DDA-AD9D-4658-BB31-8F485A025BB9}"
EndProject
Project("{FAE04EC0-301F-11D3-BF4B-00C04F79EFBC}") = "Slant.Entity.Tests", "test\Slant.Entity.Tests\Slant.Entity.Tests.csproj", "{5FB4AB9D-CB4A-4B60-A697-D2C0073C1F94}"
EndProject
Global
	GlobalSection(SolutionConfigurationPlatforms) = preSolution
		Debug|Any CPU = Debug|Any CPU
		Release|Any CPU = Release|Any CPU
	EndGlobalSection
	GlobalSection(ProjectConfigurationPlatforms) = postSolution
		{C4851DDA-AD9D-4658-BB31-8F485A025BB9}.Debug|Any CPU.ActiveCfg = Debug|Any CPU
		{C4851DDA-AD9D-4658-BB31-8F485A025BB9}.Debug|Any CPU.Build.0 = Debug|Any CPU
		{C4851DDA-AD9D-4658-BB31-8F485A025BB9}.Release|Any CPU.ActiveCfg = Release|Any CPU
		{C4851DDA-AD9D-4658-BB31-8F485A025BB9}.Release|Any CPU.Build.0 = Release|Any CPU
		{5FB4AB9D-CB4A-4B60-A697-D2C0073C1F94}.Debug|Any CPU.ActiveCfg = Debug|Any CPU
		{5FB4AB9D-CB4A-4B60-A697-D2C0073C1F94}.Debug|Any CPU.Build.0 = Debug|Any CPU
		{5FB4AB9D-CB4A-4B60-A697-D2C0073C1F94}.Release|Any CPU.ActiveCfg = Release|Any CPU
		{5FB4AB9D-CB4A-4B60-A697-D2C0073C1F94}.Release|Any CPU.Build.0 = Release|Any CPU
	EndGlobalSection
	GlobalSection(SolutionProperties) = preSolution
		HideSolutionNode = FALSE
	EndGlobalSection
	GlobalSection(NestedProjects) = preSolution
		{C4851DDA-AD9D-4658-BB31-8F485A025BB9} = {B16104F5-F49C-425C-B3AE-BC8D5EC8A3C7}
		{5FB4AB9D-CB4A-4B60-A697-D2C0073C1F94} = {29B584F6-076B-4BAB-99B0-A7A28FB82B34}
	EndGlobalSection
EndGlobal
